# THIS IS AN AUTOGENERATED FILE. DO NOT EDIT THIS FILE DIRECTLY.
# yarn lockfile v1


"@foo-bar-baz/bar@^1.2.2":
  version "1.2.2"
  resolved "https://registry.yarnpkg.com/@foo-bar-baz/bar/-/bar-1.2.2.tgz#2783e46cb2d7cb30b7aac99fd11c11a86176d5cd"

"@foo-bar-baz/foo@^1.0.1":
  version "1.0.1"
  resolved "https://registry.yarnpkg.com/@foo-bar-baz/foo/-/foo-1.0.1.tgz#35768104e23ccff99623a00ca888e950173085e1"
